
Microsoft Visual Studio Solution File, Format Version 12.00
# Visual Studio 15
VisualStudioVersion = 15.0.28307.1800
MinimumVisualStudioVersion = 10.0.40219.1
Project("{FAE04EC0-301F-11D3-BF4B-00C04F79EFBC}") = "Projeto Heranca Funcionario", "Projeto Heranca Funcionario\Projeto Heranca Funcionario.csproj", "{401B03C6-B7F2-4D61-A68C-B02ABC5DFDF3}"
EndProject
Project("{FAE04EC0-301F-11D3-BF4B-00C04F79EFBC}") = "HerancaFuncionario", "HerancaFuncionario\HerancaFuncionario.csproj", "{DF09B1E0-8AD3-4222-BCD4-1E4FEC94808F}"
EndProject
Global
	GlobalSection(SolutionConfigurationPlatforms) = preSolution
		Debug|Any CPU = Debug|Any CPU
		Release|Any CPU = Release|Any CPU
	EndGlobalSection
	GlobalSection(ProjectConfigurationPlatforms) = postSolution
		{401B03C6-B7F2-4D61-A68C-B02ABC5DFDF3}.Debug|Any CPU.ActiveCfg = Debug|Any CPU
		{401B03C6-B7F2-4D61-A68C-B02ABC5DFDF3}.Debug|Any CPU.Build.0 = Debug|Any CPU
		{401B03C6-B7F2-4D61-A68C-B02ABC5DFDF3}.Release|Any CPU.ActiveCfg = Release|Any CPU
		{401B03C6-B7F2-4D61-A68C-B02ABC5DFDF3}.Release|Any CPU.Build.0 = Release|Any CPU
		{DF09B1E0-8AD3-4222-BCD4-1E4FEC94808F}.Debug|Any CPU.ActiveCfg = Debug|Any CPU
		{DF09B1E0-8AD3-4222-BCD4-1E4FEC94808F}.Debug|Any CPU.Build.0 = Debug|Any CPU
		{DF09B1E0-8AD3-4222-BCD4-1E4FEC94808F}.Release|Any CPU.ActiveCfg = Release|Any CPU
		{DF09B1E0-8AD3-4222-BCD4-1E4FEC94808F}.Release|Any CPU.Build.0 = Release|Any CPU
	EndGlobalSection
	GlobalSection(SolutionProperties) = preSolution
		HideSolutionNode = FALSE
	EndGlobalSection
	GlobalSection(ExtensibilityGlobals) = postSolution
		SolutionGuid = {7DE71AB6-48E1-4E33-A7FA-2DA19EA612CB}
	EndGlobalSection
EndGlobal
