
Microsoft Visual Studio Solution File, Format Version 12.00
# Visual Studio 15
VisualStudioVersion = 15.0.28307.1800
MinimumVisualStudioVersion = 10.0.40219.1
Project("{FAE04EC0-301F-11D3-BF4B-00C04F79EFBC}") = "InterfaceItributavel", "Itributavel\InterfaceItributavel.csproj", "{12604391-0715-448D-8AFE-56E324E62D40}"
EndProject
Global
	GlobalSection(SolutionConfigurationPlatforms) = preSolution
		Debug|Any CPU = Debug|Any CPU
		Release|Any CPU = Release|Any CPU
	EndGlobalSection
	GlobalSection(ProjectConfigurationPlatforms) = postSolution
		{12604391-0715-448D-8AFE-56E324E62D40}.Debug|Any CPU.ActiveCfg = Debug|Any CPU
		{12604391-0715-448D-8AFE-56E324E62D40}.Debug|Any CPU.Build.0 = Debug|Any CPU
		{12604391-0715-448D-8AFE-56E324E62D40}.Release|Any CPU.ActiveCfg = Release|Any CPU
		{12604391-0715-448D-8AFE-56E324E62D40}.Release|Any CPU.Build.0 = Release|Any CPU
	EndGlobalSection
	GlobalSection(SolutionProperties) = preSolution
		HideSolutionNode = FALSE
	EndGlobalSection
	GlobalSection(ExtensibilityGlobals) = postSolution
		SolutionGuid = {69194220-20A0-407D-A291-23D61D5523C4}
	EndGlobalSection
EndGlobal
