
Microsoft Visual Studio Solution File, Format Version 12.00
# Visual Studio 15
VisualStudioVersion = 15.0.28307.1800
MinimumVisualStudioVersion = 10.0.40219.1
Project("{FAE04EC0-301F-11D3-BF4B-00C04F79EFBC}") = "AbstratoDepartamento", "AbstratoDepartamento\AbstratoDepartamento.csproj", "{CDBD00BB-C09F-4F6A-832C-B0307E2DD225}"
EndProject
Global
	GlobalSection(SolutionConfigurationPlatforms) = preSolution
		Debug|Any CPU = Debug|Any CPU
		Release|Any CPU = Release|Any CPU
	EndGlobalSection
	GlobalSection(ProjectConfigurationPlatforms) = postSolution
		{CDBD00BB-C09F-4F6A-832C-B0307E2DD225}.Debug|Any CPU.ActiveCfg = Debug|Any CPU
		{CDBD00BB-C09F-4F6A-832C-B0307E2DD225}.Debug|Any CPU.Build.0 = Debug|Any CPU
		{CDBD00BB-C09F-4F6A-832C-B0307E2DD225}.Release|Any CPU.ActiveCfg = Release|Any CPU
		{CDBD00BB-C09F-4F6A-832C-B0307E2DD225}.Release|Any CPU.Build.0 = Release|Any CPU
	EndGlobalSection
	GlobalSection(SolutionProperties) = preSolution
		HideSolutionNode = FALSE
	EndGlobalSection
	GlobalSection(ExtensibilityGlobals) = postSolution
		SolutionGuid = {CC5CDC39-0487-4FE7-9FF2-DC584A64397B}
	EndGlobalSection
EndGlobal
